{
    "name": "create-nilgirisecurity",
    "version": "1.0.3",
    "lockfileVersion": 3,
    "requires": true,
    "packages": {
        "": {
            "name": "create-nilgirisecurity",
            "version": "1.0.2",
            "dependencies": {
                "create-nilgirisecurity": "^1.0.2"
            }
        },
        "node_modules/create-nilgirisecurity": {
            "version": "1.0.2",
            "resolved": "https://registry.npmjs.org/create-nilgirisecurtiy/-/create-nilgirisecurtiy-1.0.2.tgz",
            "integrity": "sha512-z+4dsUqSymScV+/Agcmd45wJ2IWNdVl/7UFdV2R4Ep9+CZWGqsQNIW/4Nbv4+aj0HNu8++Z6gNNj264PGkziLQ=="
        }
    }
}
